
Microsoft Visual Studio Solution File, Format Version 9.00
# Visual Studio 2005
Project("{FAE04EC0-301F-11D3-BF4B-00C04F79EFBC}") = "QaryanGUI", "GUI\QaryanGUI.csproj", "{1DBE4444-C3C1-4CA8-9ABC-5DF874560360}"
EndProject
Project("{54435603-DBB4-11D2-8724-00A0C9A8B90C}") = "QaryanSetup", "Setup\QaryanSetup.vdproj", "{43837F90-9A22-4500-82B8-DD1EC17CB776}"
EndProject
Project("{54435603-DBB4-11D2-8724-00A0C9A8B90C}") = "MBROLAShared", "Setup\MBROLAShared\MBROLAShared.vdproj", "{69D44040-83C3-43B2-AE6F-56FF85E1BCFD}"
EndProject
Project("{FAE04EC0-301F-11D3-BF4B-00C04F79EFBC}") = "QaryanCLI", "CLI\QaryanCLI.csproj", "{118B6297-D322-4687-BF7B-E7C2911746D9}"
EndProject
Project("{FAE04EC0-301F-11D3-BF4B-00C04F79EFBC}") = "QaryanEngine", "Engine\QaryanEngine.csproj", "{ACCB5F96-BC5D-4A71-BFE1-D7CFC8A08ABF}"
EndProject
Global
	GlobalSection(SolutionConfigurationPlatforms) = preSolution
		Debug|Any CPU = Debug|Any CPU
		Debug|Mixed Platforms = Debug|Mixed Platforms
		Debug|Win32 = Debug|Win32
		Release|Any CPU = Release|Any CPU
		Release|Mixed Platforms = Release|Mixed Platforms
		Release|Win32 = Release|Win32
	EndGlobalSection
	GlobalSection(ProjectConfigurationPlatforms) = postSolution
		{1DBE4444-C3C1-4CA8-9ABC-5DF874560360}.Debug|Any CPU.ActiveCfg = Debug|Any CPU
		{1DBE4444-C3C1-4CA8-9ABC-5DF874560360}.Debug|Any CPU.Build.0 = Debug|Any CPU
		{1DBE4444-C3C1-4CA8-9ABC-5DF874560360}.Debug|Mixed Platforms.ActiveCfg = Debug|Any CPU
		{1DBE4444-C3C1-4CA8-9ABC-5DF874560360}.Debug|Mixed Platforms.Build.0 = Debug|Any CPU
		{1DBE4444-C3C1-4CA8-9ABC-5DF874560360}.Debug|Win32.ActiveCfg = Debug|Any CPU
		{1DBE4444-C3C1-4CA8-9ABC-5DF874560360}.Debug|Win32.Build.0 = Debug|Win32
		{1DBE4444-C3C1-4CA8-9ABC-5DF874560360}.Release|Any CPU.ActiveCfg = Release|Any CPU
		{1DBE4444-C3C1-4CA8-9ABC-5DF874560360}.Release|Any CPU.Build.0 = Release|Any CPU
		{1DBE4444-C3C1-4CA8-9ABC-5DF874560360}.Release|Mixed Platforms.ActiveCfg = Release|Any CPU
		{1DBE4444-C3C1-4CA8-9ABC-5DF874560360}.Release|Mixed Platforms.Build.0 = Release|Any CPU
		{1DBE4444-C3C1-4CA8-9ABC-5DF874560360}.Release|Win32.ActiveCfg = Release|Any CPU
		{1DBE4444-C3C1-4CA8-9ABC-5DF874560360}.Release|Win32.Build.0 = Release|Win32
		{43837F90-9A22-4500-82B8-DD1EC17CB776}.Debug|Any CPU.ActiveCfg = Debug
		{43837F90-9A22-4500-82B8-DD1EC17CB776}.Debug|Any CPU.Build.0 = Debug|Any CPU
		{43837F90-9A22-4500-82B8-DD1EC17CB776}.Debug|Mixed Platforms.ActiveCfg = Debug
		{43837F90-9A22-4500-82B8-DD1EC17CB776}.Debug|Mixed Platforms.Build.0 = Debug|Mixed Platforms
		{43837F90-9A22-4500-82B8-DD1EC17CB776}.Debug|Win32.ActiveCfg = Debug
		{43837F90-9A22-4500-82B8-DD1EC17CB776}.Debug|Win32.Build.0 = Debug|Win32
		{43837F90-9A22-4500-82B8-DD1EC17CB776}.Release|Any CPU.ActiveCfg = Release
		{43837F90-9A22-4500-82B8-DD1EC17CB776}.Release|Any CPU.Build.0 = Release|Any CPU
		{43837F90-9A22-4500-82B8-DD1EC17CB776}.Release|Mixed Platforms.ActiveCfg = Release
		{43837F90-9A22-4500-82B8-DD1EC17CB776}.Release|Mixed Platforms.Build.0 = Release|Mixed Platforms
		{43837F90-9A22-4500-82B8-DD1EC17CB776}.Release|Win32.ActiveCfg = Release
		{43837F90-9A22-4500-82B8-DD1EC17CB776}.Release|Win32.Build.0 = Release|Win32
		{69D44040-83C3-43B2-AE6F-56FF85E1BCFD}.Debug|Any CPU.ActiveCfg = Debug
		{69D44040-83C3-43B2-AE6F-56FF85E1BCFD}.Debug|Any CPU.Build.0 = Debug
		{69D44040-83C3-43B2-AE6F-56FF85E1BCFD}.Debug|Mixed Platforms.ActiveCfg = Debug
		{69D44040-83C3-43B2-AE6F-56FF85E1BCFD}.Debug|Mixed Platforms.Build.0 = Debug
		{69D44040-83C3-43B2-AE6F-56FF85E1BCFD}.Debug|Win32.ActiveCfg = Debug
		{69D44040-83C3-43B2-AE6F-56FF85E1BCFD}.Debug|Win32.Build.0 = Debug
		{69D44040-83C3-43B2-AE6F-56FF85E1BCFD}.Release|Any CPU.ActiveCfg = Release
		{69D44040-83C3-43B2-AE6F-56FF85E1BCFD}.Release|Any CPU.Build.0 = Release
		{69D44040-83C3-43B2-AE6F-56FF85E1BCFD}.Release|Mixed Platforms.ActiveCfg = Release
		{69D44040-83C3-43B2-AE6F-56FF85E1BCFD}.Release|Mixed Platforms.Build.0 = Release
		{69D44040-83C3-43B2-AE6F-56FF85E1BCFD}.Release|Win32.ActiveCfg = Release
		{69D44040-83C3-43B2-AE6F-56FF85E1BCFD}.Release|Win32.Build.0 = Release
		{118B6297-D322-4687-BF7B-E7C2911746D9}.Debug|Any CPU.ActiveCfg = Debug|Any CPU
		{118B6297-D322-4687-BF7B-E7C2911746D9}.Debug|Any CPU.Build.0 = Debug|Any CPU
		{118B6297-D322-4687-BF7B-E7C2911746D9}.Debug|Mixed Platforms.ActiveCfg = Debug|Any CPU
		{118B6297-D322-4687-BF7B-E7C2911746D9}.Debug|Mixed Platforms.Build.0 = Debug|Any CPU
		{118B6297-D322-4687-BF7B-E7C2911746D9}.Debug|Win32.ActiveCfg = Debug|Any CPU
		{118B6297-D322-4687-BF7B-E7C2911746D9}.Debug|Win32.Build.0 = Debug|Win32
		{118B6297-D322-4687-BF7B-E7C2911746D9}.Release|Any CPU.ActiveCfg = Release|Any CPU
		{118B6297-D322-4687-BF7B-E7C2911746D9}.Release|Any CPU.Build.0 = Release|Any CPU
		{118B6297-D322-4687-BF7B-E7C2911746D9}.Release|Mixed Platforms.ActiveCfg = Release|Any CPU
		{118B6297-D322-4687-BF7B-E7C2911746D9}.Release|Mixed Platforms.Build.0 = Release|Any CPU
		{118B6297-D322-4687-BF7B-E7C2911746D9}.Release|Win32.ActiveCfg = Release|Any CPU
		{118B6297-D322-4687-BF7B-E7C2911746D9}.Release|Win32.Build.0 = Release|Win32
		{ACCB5F96-BC5D-4A71-BFE1-D7CFC8A08ABF}.Debug|Any CPU.ActiveCfg = Debug|Any CPU
		{ACCB5F96-BC5D-4A71-BFE1-D7CFC8A08ABF}.Debug|Any CPU.Build.0 = Debug|Any CPU
		{ACCB5F96-BC5D-4A71-BFE1-D7CFC8A08ABF}.Debug|Mixed Platforms.ActiveCfg = Debug|Any CPU
		{ACCB5F96-BC5D-4A71-BFE1-D7CFC8A08ABF}.Debug|Mixed Platforms.Build.0 = Debug|Any CPU
		{ACCB5F96-BC5D-4A71-BFE1-D7CFC8A08ABF}.Debug|Win32.ActiveCfg = Debug|Any CPU
		{ACCB5F96-BC5D-4A71-BFE1-D7CFC8A08ABF}.Release|Any CPU.ActiveCfg = Release|Any CPU
		{ACCB5F96-BC5D-4A71-BFE1-D7CFC8A08ABF}.Release|Any CPU.Build.0 = Release|Any CPU
		{ACCB5F96-BC5D-4A71-BFE1-D7CFC8A08ABF}.Release|Mixed Platforms.ActiveCfg = Release|Any CPU
		{ACCB5F96-BC5D-4A71-BFE1-D7CFC8A08ABF}.Release|Mixed Platforms.Build.0 = Release|Any CPU
		{ACCB5F96-BC5D-4A71-BFE1-D7CFC8A08ABF}.Release|Win32.ActiveCfg = Release|Any CPU
	EndGlobalSection
	GlobalSection(SolutionProperties) = preSolution
		HideSolutionNode = FALSE
	EndGlobalSection
	GlobalSection(ExtensibilityGlobals) = postSolution
		SZOpenFile = false
		SZOpenFolder = true
		SZPath = C:\Documents and Settings\Moti Z\My Documents\SharpDevelop Projects\Qaryan\Qaryan-0.1.0-src.zip
	EndGlobalSection
EndGlobal
